{
  "version": 4,
  "terraform_version": "1.5.7",
  "serial": 77,
  "lineage": "8e7ae438-5092-900f-0396-c0eef27da5d4",
  "outputs": {},
  "resources": [
    {
      "module": "module.sagemaker_studio",
      "mode": "data",
      "type": "aws_caller_identity",
      "name": "current",
      "provider": "provider[\"registry.terraform.io/hashicorp/aws\"]",
      "instances": [
        {
          "schema_version": 0,
          "attributes": {
            "account_id": "163984801326",
            "arn": "arn:aws:iam::163984801326:user/leandro.carnevali",
            "id": "163984801326",
            "user_id": "AIDASMLSBPYXM6DL4KZY3"
          },
          "sensitive_attributes": []
        }
      ]
    },
    {
      "module": "module.sagemaker_studio",
      "mode": "data",
      "type": "aws_iam_policy_document",
      "name": "sm_policy",
      "provider": "provider[\"registry.terraform.io/hashicorp/aws\"]",
      "instances": [
        {
          "schema_version": 0,
          "attributes": {
            "id": "4276639478",
            "json": "{\n  \"Version\": \"2012-10-17\",\n  \"Statement\": [\n    {\n      \"Effect\": \"Allow\",\n      \"Action\": \"sts:AssumeRole\",\n      \"Principal\": {\n        \"Service\": [\n          \"sagemaker.amazonaws.com\",\n          \"glue.amazonaws.com\"\n        ]\n      }\n    }\n  ]\n}",
            "override_policy_documents": null,
            "policy_id": null,
            "source_policy_documents": null,
            "statement": [
              {
                "actions": [
                  "sts:AssumeRole"
                ],
                "condition": [],
                "effect": "Allow",
                "not_actions": [],
                "not_principals": [],
                "not_resources": [],
                "principals": [
                  {
                    "identifiers": [
                      "glue.amazonaws.com",
                      "sagemaker.amazonaws.com"
                    ],
                    "type": "Service"
                  }
                ],
                "resources": [],
                "sid": ""
              }
            ],
            "version": "2012-10-17"
          },
          "sensitive_attributes": []
        }
      ]
    },
    {
      "module": "module.sagemaker_studio",
      "mode": "data",
      "type": "aws_iam_policy_document",
      "name": "sm_user_policy",
      "provider": "provider[\"registry.terraform.io/hashicorp/aws\"]",
      "instances": [
        {
          "schema_version": 0,
          "attributes": {
            "id": "3457353480",
            "json": "{\n  \"Version\": \"2012-10-17\",\n  \"Statement\": [\n    {\n      \"Effect\": \"Allow\",\n      \"Action\": [\n        \"sts:GetCallerIdentity\",\n        \"iam:PassRole\",\n        \"iam:GetRole\"\n      ],\n      \"Resource\": \"arn:aws:iam::163984801326:role/sm_user_role\"\n    },\n    {\n      \"Effect\": \"Allow\",\n      \"Action\": [\n        \"s3:ListBucket\",\n        \"s3:*Object\"\n      ],\n      \"Resource\": [\n        \"arn:aws:s3:::sm-bucket-*/*\",\n        \"arn:aws:s3:::sm-bucket-*\"\n      ]\n    },\n    {\n      \"Effect\": \"Allow\",\n      \"Action\": [\n        \"sagemaker:DescribeImageVersion\",\n        \"sagemaker:DescribeApp\",\n        \"sagemaker:CreateApp\"\n      ],\n      \"Resource\": \"*\"\n    },\n    {\n      \"Effect\": \"Deny\",\n      \"Action\": \"sagemaker:CreateApp\",\n      \"Resource\": \"*\",\n      \"Condition\": {\n        \"ForAnyValue:StringNotLike\": {\n          \"sagemaker:InstanceTypes\": [\n            \"ml.t3.medium\",\n            \"ml.c5.large\",\n            \"system\"\n          ]\n        }\n      }\n    },\n    {\n      \"Effect\": \"Allow\",\n      \"Action\": \"sagemaker:DeleteApp\",\n      \"Resource\": \"*\"\n    },\n    {\n      \"Effect\": \"Allow\",\n      \"Action\": [\n        \"lakeformation:UpdateTableObjects\",\n        \"lakeformation:StartTransaction\",\n        \"lakeformation:SearchTablesByLFTags\",\n        \"lakeformation:SearchDatabasesByLFTags\",\n        \"lakeformation:ListTransactions\",\n        \"lakeformation:ListLFTags\",\n        \"lakeformation:GetTableObjects\",\n        \"lakeformation:GetResourceLFTags\",\n        \"lakeformation:GetLFTag\",\n        \"lakeformation:GetDataAccess\",\n        \"lakeformation:ExtendTransaction\",\n        \"lakeformation:DescribeTransaction\",\n        \"lakeformation:DeleteObjectsOnCancel\",\n        \"lakeformation:CommitTransaction\",\n        \"lakeformation:CancelTransaction\",\n        \"glue:SearchTables\",\n        \"glue:GetUserDefinedFunctions\",\n        \"glue:GetTables\",\n        \"glue:GetTable\",\n        \"glue:GetPartitions\",\n        \"glue:GetPartition\",\n        \"glue:GetDatabases\",\n        \"glue:GetDatabase\"\n      ],\n      \"Resource\": \"*\"\n    },\n    {\n      \"Effect\": \"Allow\",\n      \"Action\": \"elasticmapreduce:*\",\n      \"Resource\": \"*\"\n    }\n  ]\n}",
            "override_policy_documents": null,
            "policy_id": null,
            "source_policy_documents": null,
            "statement": [
              {
                "actions": [
                  "iam:GetRole",
                  "iam:PassRole",
                  "sts:GetCallerIdentity"
                ],
                "condition": [],
                "effect": "Allow",
                "not_actions": [],
                "not_principals": [],
                "not_resources": [],
                "principals": [],
                "resources": [
                  "arn:aws:iam::163984801326:role/sm_user_role"
                ],
                "sid": ""
              },
              {
                "actions": [
                  "s3:*Object",
                  "s3:ListBucket"
                ],
                "condition": [],
                "effect": "Allow",
                "not_actions": [],
                "not_principals": [],
                "not_resources": [],
                "principals": [],
                "resources": [
                  "arn:aws:s3:::sm-bucket-*",
                  "arn:aws:s3:::sm-bucket-*/*"
                ],
                "sid": ""
              },
              {
                "actions": [
                  "sagemaker:CreateApp",
                  "sagemaker:DescribeApp",
                  "sagemaker:DescribeImageVersion"
                ],
                "condition": [],
                "effect": "Allow",
                "not_actions": [],
                "not_principals": [],
                "not_resources": [],
                "principals": [],
                "resources": [
                  "*"
                ],
                "sid": ""
              },
              {
                "actions": [
                  "sagemaker:CreateApp"
                ],
                "condition": [
                  {
                    "test": "ForAnyValue:StringNotLike",
                    "values": [
                      "ml.t3.medium",
                      "ml.c5.large",
                      "system"
                    ],
                    "variable": "sagemaker:InstanceTypes"
                  }
                ],
                "effect": "Deny",
                "not_actions": [],
                "not_principals": [],
                "not_resources": [],
                "principals": [],
                "resources": [
                  "*"
                ],
                "sid": ""
              },
              {
                "actions": [
                  "sagemaker:DeleteApp"
                ],
                "condition": [],
                "effect": "Allow",
                "not_actions": [],
                "not_principals": [],
                "not_resources": [],
                "principals": [],
                "resources": [
                  "*"
                ],
                "sid": ""
              },
              {
                "actions": [
                  "glue:GetDatabase",
                  "glue:GetDatabases",
                  "glue:GetPartition",
                  "glue:GetPartitions",
                  "glue:GetTable",
                  "glue:GetTables",
                  "glue:GetUserDefinedFunctions",
                  "glue:SearchTables",
                  "lakeformation:CancelTransaction",
                  "lakeformation:CommitTransaction",
                  "lakeformation:DeleteObjectsOnCancel",
                  "lakeformation:DescribeTransaction",
                  "lakeformation:ExtendTransaction",
                  "lakeformation:GetDataAccess",
                  "lakeformation:GetLFTag",
                  "lakeformation:GetResourceLFTags",
                  "lakeformation:GetTableObjects",
                  "lakeformation:ListLFTags",
                  "lakeformation:ListTransactions",
                  "lakeformation:SearchDatabasesByLFTags",
                  "lakeformation:SearchTablesByLFTags",
                  "lakeformation:StartTransaction",
                  "lakeformation:UpdateTableObjects"
                ],
                "condition": [],
                "effect": "Allow",
                "not_actions": [],
                "not_principals": [],
                "not_resources": [],
                "principals": [],
                "resources": [
                  "*"
                ],
                "sid": ""
              },
              {
                "actions": [
                  "elasticmapreduce:*"
                ],
                "condition": [],
                "effect": "Allow",
                "not_actions": [],
                "not_principals": [],
                "not_resources": [],
                "principals": [],
                "resources": [
                  "*"
                ],
                "sid": ""
              }
            ],
            "version": "2012-10-17"
          },
          "sensitive_attributes": []
        }
      ]
    },
    {
      "module": "module.sagemaker_studio",
      "mode": "data",
      "type": "aws_region",
      "name": "current",
      "provider": "provider[\"registry.terraform.io/hashicorp/aws\"]",
      "instances": [
        {
          "schema_version": 0,
          "attributes": {
            "description": "US East (N. Virginia)",
            "endpoint": "ec2.us-east-1.amazonaws.com",
            "id": "us-east-1",
            "name": "us-east-1"
          },
          "sensitive_attributes": []
        }
      ]
    },
    {
      "module": "module.sagemaker_studio",
      "mode": "managed",
      "type": "aws_sagemaker_app",
      "name": "jupyter",
      "provider": "provider[\"registry.terraform.io/hashicorp/aws\"]",
      "instances": [
        {
          "index_key": 0,
          "schema_version": 0,
          "attributes": {
            "app_name": "default",
            "app_type": "JupyterServer",
            "arn": "arn:aws:sagemaker:us-east-1:163984801326:app/d-kkftjeez9est/leandro-carnevali/jupyterserver/default",
            "domain_id": "d-kkftjeez9est",
            "id": "arn:aws:sagemaker:us-east-1:163984801326:app/d-kkftjeez9est/leandro-carnevali/jupyterserver/default",
            "resource_spec": [
              {
                "instance_type": "system",
                "lifecycle_config_arn": "arn:aws:sagemaker:us-east-1:163984801326:studio-lifecycle-config/auto-shutdown",
                "sagemaker_image_arn": "arn:aws:ecr:us-east-1:081325390199:repository/looseleaf-jupyter-server-3",
                "sagemaker_image_version_arn": ""
              }
            ],
            "space_name": "",
            "tags": null,
            "tags_all": {},
            "user_profile_name": "leandro-carnevali"
          },
          "sensitive_attributes": [],
          "private": "bnVsbA==",
          "dependencies": [
            "module.sagemaker_studio.aws_sagemaker_domain.sm_domain",
            "module.sagemaker_studio.aws_sagemaker_studio_lifecycle_config.auto_shutdown",
            "module.sagemaker_studio.aws_sagemaker_user_profile.domain_user"
          ]
        }
      ]
    },
    {
      "module": "module.sagemaker_studio",
      "mode": "managed",
      "type": "aws_sagemaker_app",
      "name": "notebook_kernel",
      "provider": "provider[\"registry.terraform.io/hashicorp/aws\"]",
      "instances": [
        {
          "index_key": 0,
          "schema_version": 0,
          "attributes": {
            "app_name": "kernel-notebook",
            "app_type": "KernelGateway",
            "arn": "arn:aws:sagemaker:us-east-1:163984801326:app/d-kkftjeez9est/leandro-carnevali/kernelgateway/kernel-notebook",
            "domain_id": "d-kkftjeez9est",
            "id": "arn:aws:sagemaker:us-east-1:163984801326:app/d-kkftjeez9est/leandro-carnevali/kernelgateway/kernel-notebook",
            "resource_spec": [
              {
                "instance_type": "ml.t3.medium",
                "lifecycle_config_arn": "",
                "sagemaker_image_arn": "arn:aws:sagemaker:us-east-1:081325390199:image/sagemaker-data-science-310-v1",
                "sagemaker_image_version_arn": ""
              }
            ],
            "space_name": "",
            "tags": {},
            "tags_all": {},
            "user_profile_name": "leandro-carnevali"
          },
          "sensitive_attributes": [],
          "private": "bnVsbA==",
          "dependencies": [
            "module.sagemaker_studio.aws_sagemaker_domain.sm_domain",
            "module.sagemaker_studio.aws_sagemaker_studio_lifecycle_config.auto_shutdown",
            "module.sagemaker_studio.aws_sagemaker_user_profile.domain_user"
          ]
        }
      ]
    },
    {
      "module": "module.sagemaker_studio",
      "mode": "managed",
      "type": "aws_sagemaker_domain",
      "name": "sm_domain",
      "provider": "provider[\"registry.terraform.io/hashicorp/aws\"]",
      "instances": [
        {
          "schema_version": 0,
          "attributes": {
            "app_network_access_type": "PublicInternetOnly",
            "app_security_group_management": "",
            "arn": "arn:aws:sagemaker:us-east-1:163984801326:domain/d-kkftjeez9est",
            "auth_mode": "SSO",
            "default_space_settings": [],
            "default_user_settings": [
              {
                "canvas_app_settings": [],
                "execution_role": "arn:aws:iam::163984801326:role/service-role/AmazonSageMaker-ExecutionRole-20210720T111583",
                "jupyter_server_app_settings": [
                  {
                    "code_repository": [],
                    "default_resource_spec": [
                      {
                        "instance_type": "system",
                        "lifecycle_config_arn": "",
                        "sagemaker_image_arn": "",
                        "sagemaker_image_version_arn": ""
                      }
                    ],
                    "lifecycle_config_arns": [
                      "arn:aws:sagemaker:us-east-1:163984801326:studio-lifecycle-config/auto-shutdown"
                    ]
                  }
                ],
                "kernel_gateway_app_settings": [
                  {
                    "custom_image": [],
                    "default_resource_spec": [],
                    "lifecycle_config_arns": []
                  }
                ],
                "r_session_app_settings": [],
                "r_studio_server_pro_app_settings": [],
                "security_groups": [],
                "sharing_settings": [],
                "tensor_board_app_settings": []
              }
            ],
            "domain_name": "domain-test",
            "domain_settings": [],
            "home_efs_file_system_id": "fs-0c88eeca24924751f",
            "id": "d-kkftjeez9est",
            "kms_key_id": "",
            "retention_policy": [],
            "security_group_id_for_domain_boundary": "",
            "single_sign_on_managed_application_instance_id": "ins-dbc94545dc0338d4",
            "subnet_ids": [
              "subnet-002cc404a89a8b0c0",
              "subnet-0dedda92fd93398af"
            ],
            "tags": {},
            "tags_all": {},
            "url": "https://d-kkftjeez9est.studio.us-east-1.sagemaker.aws",
            "vpc_id": "vpc-082a3dcfed2ff0069"
          },
          "sensitive_attributes": [],
          "private": "bnVsbA==",
          "dependencies": [
            "module.sagemaker_studio.aws_sagemaker_studio_lifecycle_config.auto_shutdown"
          ]
        }
      ]
    },
    {
      "module": "module.sagemaker_studio",
      "mode": "managed",
      "type": "aws_sagemaker_studio_lifecycle_config",
      "name": "auto_shutdown",
      "provider": "provider[\"registry.terraform.io/hashicorp/aws\"]",
      "instances": [
        {
          "schema_version": 0,
          "attributes": {
            "arn": "arn:aws:sagemaker:us-east-1:163984801326:studio-lifecycle-config/auto-shutdown",
            "id": "auto-shutdown",
            "studio_lifecycle_config_app_type": "JupyterServer",
            "studio_lifecycle_config_content": "IyEvYmluL2Jhc2gKIyBUaGlzIHNjcmlwdCBpbnN0YWxscyB0aGUgaWRsZSBub3RlYm9vayBhdXRvLWNoZWNrZXIgc2VydmVyIGV4dGVuc2lvbiB0byBTYWdlTWFrZXIgU3R1ZGlvCiMgVGhlIG9yaWdpbmFsIGV4dGVuc2lvbiBoYXMgYSBsYWIgZXh0ZW5zaW9uIHBhcnQgd2hlcmUgdXNlcnMgY2FuIHNldCB0aGUgaWRsZSB0aW1lb3V0IHZpYSBhIEp1cHl0ZXIgTGFiIHdpZGdldC4KIyBJbiB0aGlzIHZlcnNpb24gdGhlIHNjcmlwdCBpbnN0YWxscyB0aGUgc2VydmVyIHNpZGUgb2YgdGhlIGV4dGVuc2lvbiBvbmx5LiBUaGUgaWRsZSB0aW1lb3V0CiMgY2FuIGJlIHNldCB2aWEgYSBjb21tYW5kLWxpbmUgc2NyaXB0IHdoaWNoIHdpbGwgYmUgYWxzbyBjcmVhdGVkIGJ5IHRoaXMgY3JlYXRlIGFuZCBwbGFjZXMgaW50byB0aGUKIyB1c2VyJ3MgaG9tZSBmb2xkZXIKIwojIEluc3RhbGxpbmcgdGhlIHNlcnZlciBzaWRlIGV4dGVuc2lvbiBkb2VzIG5vdCByZXF1aXJlIEludGVybmV0IGNvbm5lY3Rpb24gKGFzIGFsbCB0aGUgZGVwZW5kZW5jaWVzIGFyZSBzdG9yZWQgaW4gdGhlCiMgaW5zdGFsbCB0YXJiYWxsKSBhbmQgY2FuIGJlIGRvbmUgdmlhIFZQQ09ubHkgbW9kZS4KCnNldCAtZXV4CgojIHRpbWVvdXQgaW4gbWludXRlcwpleHBvcnQgVElNRU9VVF9JTl9NSU5TPTYKCiMgU2hvdWxkIGFscmVhZHkgYmUgcnVubmluZyBpbiB1c2VyIGhvbWUgZGlyZWN0b3J5LCBidXQganVzdCB0byBjaGVjazoKY2QgL2hvbWUvc2FnZW1ha2VyLXVzZXIKCiMgQnkgd29ya2luZyBpbiBhIGRpcmVjdG9yeSBzdGFydGluZyB3aXRoICIuIiwgd2Ugd29uJ3QgY2x1dHRlciB1cCB1c2VycycgSnVweXRlciBmaWxlIHRyZWUgdmlld3MKbWtkaXIgLXAgLmF1dG8tc2h1dGRvd24KCiMgQ3JlYXRlIHRoZSBjb21tYW5kLWxpbmUgc2NyaXB0IGZvciBzZXR0aW5nIHRoZSBpZGxlIHRpbWVvdXQKY2F0ID4uYXV0by1zaHV0ZG93bi9zZXQtdGltZS1pbnRlcnZhbC5zaCA8PEVPRgojIS9vcHQvY29uZGEvYmluL3B5dGhvbgppbXBvcnQganNvbgppbXBvcnQgcmVxdWVzdHMKVElNRU9VVD0ke1RJTUVPVVRfSU5fTUlOU30Kc2Vzc2lvbiA9IHJlcXVlc3RzLlNlc3Npb24oKQojIEdldHRpbmcgdGhlIHhzcmYgdG9rZW4gZmlyc3QgZnJvbSBKdXB5dGVyIFNlcnZlcgpyZXNwb25zZSA9IHNlc3Npb24uZ2V0KCJodHRwOi8vbG9jYWxob3N0Ojg4ODgvanVweXRlci9kZWZhdWx0L3RyZWUiKQojIGNhbGxzIHRoZSBpZGxlX2NoZWNrZXIgZXh0ZW5zaW9uJ3MgaW50ZXJmYWNlIHRvIHNldCB0aGUgdGltZW91dCB2YWx1ZQpyZXNwb25zZSA9IHNlc3Npb24ucG9zdCgiaHR0cDovL2xvY2FsaG9zdDo4ODg4L2p1cHl0ZXIvZGVmYXVsdC9zYWdlbWFrZXItc3R1ZGlvLWF1dG9zaHV0ZG93bi9pZGxlX2NoZWNrZXIiLAogICAgICAgICAgICBqc29uPXsiaWRsZV90aW1lIjogVElNRU9VVCwgImtlZXBfdGVybWluYWxzIjogRmFsc2V9LAogICAgICAgICAgICBwYXJhbXM9eyJfeHNyZiI6IHJlc3BvbnNlLmhlYWRlcnNbJ1NldC1Db29raWUnXS5zcGxpdCgiOyIpWzBdLnNwbGl0KCI9IilbMV19KQppZiByZXNwb25zZS5zdGF0dXNfY29kZSA9PSAyMDA6CiAgICBwcmludCgiU3VjY2VlZGVkLCBpZGxlIHRpbWVvdXQgc2V0IHRvIHt9IG1pbnV0ZXMiLmZvcm1hdChUSU1FT1VUKSkKZWxzZToKICAgIHByaW50KCJFcnJvciEiKQogICAgcHJpbnQocmVzcG9uc2Uuc3RhdHVzX2NvZGUpCkVPRgpjaG1vZCAreCAuYXV0by1zaHV0ZG93bi9zZXQtdGltZS1pbnRlcnZhbC5zaAoKIyAid2dldCIgaXMgbm90IHBhcnQgb2YgdGhlIGJhc2UgSnVweXRlciBTZXJ2ZXIgaW1hZ2UsIHlvdSBuZWVkIHRvIGluc3RhbGwgaXQgZmlyc3QgaWYgbmVlZGVkIHRvIGRvd25sb2FkIHRoZSB0YXJiYWxsCnN1ZG8geXVtIGluc3RhbGwgLXkgd2dldAojIFlvdSBjYW4gZG93bmxvYWQgdGhlIHRhcmJhbGwgZnJvbSBHaXRIdWIgb3IgYWx0ZXJuYXRpdmVseSwgaWYgeW91J3JlIHVzaW5nIFZQQ09ubHkgbW9kZSwgeW91IGNhbiBob3N0IG9uIFMzCndnZXQgLU8gLmF1dG8tc2h1dGRvd24vZXh0ZW5zaW9uLnRhci5neiBodHRwczovL2dpdGh1Yi5jb20vYXdzLXNhbXBsZXMvc2FnZW1ha2VyLXN0dWRpby1hdXRvLXNodXRkb3duLWV4dGVuc2lvbi9yYXcvbWFpbi9zYWdlbWFrZXJfc3R1ZGlvX2F1dG9zaHV0ZG93bi0wLjEuNS50YXIuZ3oKCiMgT3IgaW5zdGVhZCwgY291bGQgc2VydmUgdGhlIHRhcmJhbGwgZnJvbSBhbiBTMyBidWNrZXQgaW4gd2hpY2ggY2FzZSAid2dldCIgd291bGQgbm90IGJlIG5lZWRlZDoKIyBhd3MgczMgLS1lbmRwb2ludC11cmwgW1MzIEludGVyZmFjZSBFbmRwb2ludF0gY3AgczM6Ly9bdGFyYmFsbCBsb2NhdGlvbl0gLmF1dG8tc2h1dGRvd24vZXh0ZW5zaW9uLnRhci5negoKIyBJbnN0YWxscyB0aGUgZXh0ZW5zaW9uCmNkIC5hdXRvLXNodXRkb3duCnRhciB4emYgZXh0ZW5zaW9uLnRhci5negpjZCBzYWdlbWFrZXJfc3R1ZGlvX2F1dG9zaHV0ZG93bi0wLjEuNQoKIyBBY3RpdmF0ZSBzdHVkaW8gZW52aXJvbm1lbnQganVzdCBmb3IgaW5zdGFsbGluZyBleHRlbnNpb24KZXhwb3J0IEFXU19TQUdFTUFLRVJfSlVQWVRFUlNFUlZFUl9JTUFHRT0iJHtBV1NfU0FHRU1BS0VSX0pVUFlURVJTRVJWRVJfSU1BR0U6LSdqdXB5dGVyLXNlcnZlcid9IgppZiBbICIkQVdTX1NBR0VNQUtFUl9KVVBZVEVSU0VSVkVSX0lNQUdFIiA9ICJqdXB5dGVyLXNlcnZlci0zIiBdOyB0aGVuCiAgICBldmFsICIkKGNvbmRhIHNoZWxsLmJhc2ggaG9vaykiCiAgICBjb25kYSBhY3RpdmF0ZSBzdHVkaW8KZmkKcGlwIGluc3RhbGwgLS1uby1kZXBlbmRlbmNpZXMgLS1uby1idWlsZC1pc29sYXRpb24gLWUgLgpqdXB5dGVyIHNlcnZlcmV4dGVuc2lvbiBlbmFibGUgLS1weSBzYWdlbWFrZXJfc3R1ZGlvX2F1dG9zaHV0ZG93bgppZiBbICIkQVdTX1NBR0VNQUtFUl9KVVBZVEVSU0VSVkVSX0lNQUdFIiA9ICJqdXB5dGVyLXNlcnZlci0zIiBdOyB0aGVuCiAgICBjb25kYSBkZWFjdGl2YXRlCmZpCgojIFJlc3RhcnRzIHRoZSBqdXB5dGVyIHNlcnZlcgpub2h1cCBzdXBlcnZpc29yY3RsIC1jIC9ldGMvc3VwZXJ2aXNvci9jb25mLmQvc3VwZXJ2aXNvcmQuY29uZiByZXN0YXJ0IGp1cHl0ZXJsYWJzZXJ2ZXIKCiMgV2FpdGluZyBmb3IgMzAgc2Vjb25kcyB0byBtYWtlIHN1cmUgdGhlIEp1cHl0ZXIgU2VydmVyIGlzIHVwIGFuZCBydW5uaW5nCnNsZWVwIDMwCgojIENhbGxpbmcgdGhlIHNjcmlwdCB0byBzZXQgdGhlIGlkbGUtdGltZW91dCBhbmQgYWN0aXZlIHRoZSBleHRlbnNpb24KL2hvbWUvc2FnZW1ha2VyLXVzZXIvLmF1dG8tc2h1dGRvd24vc2V0LXRpbWUtaW50ZXJ2YWwuc2gK",
            "studio_lifecycle_config_name": "auto-shutdown",
            "tags": {},
            "tags_all": {}
          },
          "sensitive_attributes": [],
          "private": "bnVsbA=="
        }
      ]
    },
    {
      "module": "module.sagemaker_studio",
      "mode": "managed",
      "type": "aws_sagemaker_user_profile",
      "name": "domain_user",
      "provider": "provider[\"registry.terraform.io/hashicorp/aws\"]",
      "instances": [
        {
          "index_key": 0,
          "schema_version": 0,
          "attributes": {
            "arn": "arn:aws:sagemaker:us-east-1:163984801326:user-profile/d-kkftjeez9est/leandro-carnevali",
            "domain_id": "d-kkftjeez9est",
            "home_efs_file_system_uid": "200005",
            "id": "arn:aws:sagemaker:us-east-1:163984801326:user-profile/d-kkftjeez9est/leandro-carnevali",
            "single_sign_on_user_identifier": "UserName",
            "single_sign_on_user_value": "leandro.carnevali",
            "tags": {},
            "tags_all": {},
            "user_profile_name": "leandro-carnevali",
            "user_settings": [
              {
                "canvas_app_settings": [],
                "execution_role": "arn:aws:iam::163984801326:role/service-role/AmazonSageMaker-ExecutionRole-20210720T111583",
                "jupyter_server_app_settings": [],
                "kernel_gateway_app_settings": [],
                "r_session_app_settings": [],
                "r_studio_server_pro_app_settings": [],
                "security_groups": [],
                "sharing_settings": [],
                "tensor_board_app_settings": []
              }
            ]
          },
          "sensitive_attributes": [],
          "private": "bnVsbA==",
          "dependencies": [
            "module.sagemaker_studio.aws_sagemaker_domain.sm_domain",
            "module.sagemaker_studio.aws_sagemaker_studio_lifecycle_config.auto_shutdown"
          ]
        }
      ]
    }
  ],
  "check_results": null
}
